
Microsoft Visual Studio Solution File, Format Version 12.00
# Visual Studio 15
VisualStudioVersion = 15.0.27703.2042
MinimumVisualStudioVersion = 10.0.40219.1
Project("{FAE04EC0-301F-11D3-BF4B-00C04F79EFBC}") = "Routing", "Routing\Routing.csproj", "{DCECD828-B888-40DC-AD85-3AEF89280EFA}"
EndProject
Global
	GlobalSection(SolutionConfigurationPlatforms) = preSolution
		Debug|Any CPU = Debug|Any CPU
		Release|Any CPU = Release|Any CPU
	EndGlobalSection
	GlobalSection(ProjectConfigurationPlatforms) = postSolution
		{DCECD828-B888-40DC-AD85-3AEF89280EFA}.Debug|Any CPU.ActiveCfg = Debug|Any CPU
		{DCECD828-B888-40DC-AD85-3AEF89280EFA}.Debug|Any CPU.Build.0 = Debug|Any CPU
		{DCECD828-B888-40DC-AD85-3AEF89280EFA}.Release|Any CPU.ActiveCfg = Release|Any CPU
		{DCECD828-B888-40DC-AD85-3AEF89280EFA}.Release|Any CPU.Build.0 = Release|Any CPU
	EndGlobalSection
	GlobalSection(SolutionProperties) = preSolution
		HideSolutionNode = FALSE
	EndGlobalSection
	GlobalSection(ExtensibilityGlobals) = postSolution
		SolutionGuid = {3D18665A-2284-48D0-BCB1-E4B5A1112357}
	EndGlobalSection
EndGlobal
